
Microsoft Visual Studio Solution File, Format Version 12.00
# Visual Studio Version 16
VisualStudioVersion = 16.0.28803.202
MinimumVisualStudioVersion = 10.0.40219.1
Project("{FAE04EC0-301F-11D3-BF4B-00C04F79EFBC}") = "PollyDemos", "PollyDemos\PollyDemos.csproj", "{5B943D48-26C6-4BB3-9431-23153ABD2664}"
EndProject
Project("{FAE04EC0-301F-11D3-BF4B-00C04F79EFBC}") = "PollyTestClientConsole", "PollyTestClientConsole\PollyTestClientConsole.csproj", "{332659F1-5287-4FBA-82DF-028D66CC32FF}"
EndProject
Project("{FAE04EC0-301F-11D3-BF4B-00C04F79EFBC}") = "PollyTestApp", "PollyTestApp\PollyTestApp.csproj", "{4260A121-8449-4A7D-B84A-E22D5E11ED4F}"
EndProject
Global
	GlobalSection(SolutionConfigurationPlatforms) = preSolution
		Debug|Any CPU = Debug|Any CPU
		Release|Any CPU = Release|Any CPU
	EndGlobalSection
	GlobalSection(ProjectConfigurationPlatforms) = postSolution
		{5B943D48-26C6-4BB3-9431-23153ABD2664}.Debug|Any CPU.ActiveCfg = Debug|Any CPU
		{5B943D48-26C6-4BB3-9431-23153ABD2664}.Debug|Any CPU.Build.0 = Debug|Any CPU
		{5B943D48-26C6-4BB3-9431-23153ABD2664}.Release|Any CPU.ActiveCfg = Release|Any CPU
		{5B943D48-26C6-4BB3-9431-23153ABD2664}.Release|Any CPU.Build.0 = Release|Any CPU
		{332659F1-5287-4FBA-82DF-028D66CC32FF}.Debug|Any CPU.ActiveCfg = Debug|Any CPU
		{332659F1-5287-4FBA-82DF-028D66CC32FF}.Debug|Any CPU.Build.0 = Debug|Any CPU
		{332659F1-5287-4FBA-82DF-028D66CC32FF}.Release|Any CPU.ActiveCfg = Release|Any CPU
		{332659F1-5287-4FBA-82DF-028D66CC32FF}.Release|Any CPU.Build.0 = Release|Any CPU
		{4260A121-8449-4A7D-B84A-E22D5E11ED4F}.Debug|Any CPU.ActiveCfg = Debug|Any CPU
		{4260A121-8449-4A7D-B84A-E22D5E11ED4F}.Debug|Any CPU.Build.0 = Debug|Any CPU
		{4260A121-8449-4A7D-B84A-E22D5E11ED4F}.Release|Any CPU.ActiveCfg = Release|Any CPU
		{4260A121-8449-4A7D-B84A-E22D5E11ED4F}.Release|Any CPU.Build.0 = Release|Any CPU
	EndGlobalSection
	GlobalSection(SolutionProperties) = preSolution
		HideSolutionNode = FALSE
	EndGlobalSection
	GlobalSection(ExtensibilityGlobals) = postSolution
		SolutionGuid = {73E28EEA-CEE7-47FD-BD9C-457A5DA52F0A}
	EndGlobalSection
EndGlobal
